
Microsoft Visual Studio Solution File, Format Version 12.00
# Visual Studio 15
VisualStudioVersion = 15.0.27004.2005
MinimumVisualStudioVersion = 10.0.40219.1
Project("{8BC9CEB8-8B4A-11D0-8D11-00A0C91BC942}") = "Rendering", "Rendering\Rendering.vcxproj", "{6BF171F7-B24B-45D8-B47C-02015B1C3CFA}"
EndProject
Global
	GlobalSection(SolutionConfigurationPlatforms) = preSolution
		Debug|x64 = Debug|x64
		Debug|x86 = Debug|x86
		Release|x64 = Release|x64
		Release|x86 = Release|x86
	EndGlobalSection
	GlobalSection(ProjectConfigurationPlatforms) = postSolution
		{6BF171F7-B24B-45D8-B47C-02015B1C3CFA}.Debug|x64.ActiveCfg = Debug|x64
		{6BF171F7-B24B-45D8-B47C-02015B1C3CFA}.Debug|x64.Build.0 = Debug|x64
		{6BF171F7-B24B-45D8-B47C-02015B1C3CFA}.Debug|x86.ActiveCfg = Debug|Win32
		{6BF171F7-B24B-45D8-B47C-02015B1C3CFA}.Debug|x86.Build.0 = Debug|Win32
		{6BF171F7-B24B-45D8-B47C-02015B1C3CFA}.Release|x64.ActiveCfg = Release|x64
		{6BF171F7-B24B-45D8-B47C-02015B1C3CFA}.Release|x64.Build.0 = Release|x64
		{6BF171F7-B24B-45D8-B47C-02015B1C3CFA}.Release|x86.ActiveCfg = Release|Win32
		{6BF171F7-B24B-45D8-B47C-02015B1C3CFA}.Release|x86.Build.0 = Release|Win32
	EndGlobalSection
	GlobalSection(SolutionProperties) = preSolution
		HideSolutionNode = FALSE
	EndGlobalSection
	GlobalSection(ExtensibilityGlobals) = postSolution
		SolutionGuid = {6D6508A9-5EFB-48EB-83D8-5C21FB3B596A}
	EndGlobalSection
EndGlobal
