<?xml version="1.0" encoding="utf-8"?>
<Project ToolsVersion="4.0" xmlns="http://schemas.microsoft.com/developer/msbuild/2003">
  <ItemGroup>
    <Filter Include="Quelldateien">
      <UniqueIdentifier>{4FC737F1-C7A5-4376-A066-2A32D752A2FF}</UniqueIdentifier>
      <Extensions>cpp;c;cc;cxx;def;odl;idl;hpj;bat;asm;asmx</Extensions>
    </Filter>
    <Filter Include="Headerdateien">
      <UniqueIdentifier>{93995380-89BD-4b04-88EB-625FBE52EBFB}</UniqueIdentifier>
      <Extensions>h;hh;hpp;hxx;hm;inl;inc;xsd</Extensions>
    </Filter>
    <Filter Include="Ressourcendateien">
      <UniqueIdentifier>{67DA6AB6-F800-4c08-8B7A-83BB121AAD01}</UniqueIdentifier>
      <Extensions>rc;ico;cur;bmp;dlg;rc2;rct;bin;rgs;gif;jpg;jpeg;jpe;resx;tiff;tif;png;wav;mfcribbon-ms</Extensions>
    </Filter>
    <Filter Include="Shaders">
      <UniqueIdentifier>{4a218e46-ea7f-402a-925f-a18ad72117d8}</UniqueIdentifier>
    </Filter>
    <Filter Include="Data">
      <UniqueIdentifier>{bd2e2a56-f6a9-425c-8dac-66c228c5117b}</UniqueIdentifier>
    </Filter>
  </ItemGroup>
  <ItemGroup>
    <ClCompile Include="main.cpp">
      <Filter>Quelldateien</Filter>
    </ClCompile>
    <ClCompile Include="System.cpp">
      <Filter>Quelldateien</Filter>
    </ClCompile>
    <ClCompile Include="Texture.cpp">
      <Filter>Quelldateien</Filter>
    </ClCompile>
    <ClCompile Include="Camera.cpp">
      <Filter>Quelldateien</Filter>
    </ClCompile>
    <ClCompile Include="DX3D.cpp">
      <Filter>Quelldateien</Filter>
    </ClCompile>
    <ClCompile Include="GraphicsManager.cpp">
      <Filter>Quelldateien</Filter>
    </ClCompile>
    <ClCompile Include="InputManager.cpp">
      <Filter>Quelldateien</Filter>
    </ClCompile>
    <ClCompile Include="Shader.cpp">
      <Filter>Quelldateien</Filter>
    </ClCompile>
    <ClCompile Include="Model.cpp">
      <Filter>Quelldateien</Filter>
    </ClCompile>
    <ClCompile Include="CubeModel.cpp">
      <Filter>Quelldateien</Filter>
    </ClCompile>
    <ClCompile Include="UnlitShader.cpp">
      <Filter>Quelldateien</Filter>
    </ClCompile>
    <ClCompile Include="BlinnPhongShader.cpp">
      <Filter>Quelldateien</Filter>
    </ClCompile>
    <ClCompile Include="Float3Math.cpp">
      <Filter>Quelldateien</Filter>
    </ClCompile>
    <ClCompile Include="PyramidModel.cpp">
      <Filter>Quelldateien</Filter>
    </ClCompile>
    <ClCompile Include="Skybox.cpp">
      <Filter>Quelldateien</Filter>
    </ClCompile>
    <ClCompile Include="PlaneModel.cpp">
      <Filter>Quelldateien</Filter>
    </ClCompile>
    <ClCompile Include="MateShader.cpp">
      <Filter>Quelldateien</Filter>
    </ClCompile>
    <ClCompile Include="RoughShader.cpp">
      <Filter>Quelldateien</Filter>
    </ClCompile>
  </ItemGroup>
  <ItemGroup>
    <ClInclude Include="System.h">
      <Filter>Headerdateien</Filter>
    </ClInclude>
    <ClInclude Include="Texture.h">
      <Filter>Headerdateien</Filter>
    </ClInclude>
    <ClInclude Include="Vertex.h">
      <Filter>Headerdateien</Filter>
    </ClInclude>
    <ClInclude Include="Camera.h">
      <Filter>Headerdateien</Filter>
    </ClInclude>
    <ClInclude Include="defines.h">
      <Filter>Headerdateien</Filter>
    </ClInclude>
    <ClInclude Include="DX3D.h">
      <Filter>Headerdateien</Filter>
    </ClInclude>
    <ClInclude Include="GraphicsManager.h">
      <Filter>Headerdateien</Filter>
    </ClInclude>
    <ClInclude Include="InputManager.h">
      <Filter>Headerdateien</Filter>
    </ClInclude>
    <ClInclude Include="Shader.h">
      <Filter>Headerdateien</Filter>
    </ClInclude>
    <ClInclude Include="Model.h">
      <Filter>Headerdateien</Filter>
    </ClInclude>
    <ClInclude Include="CubeModel.h">
      <Filter>Headerdateien</Filter>
    </ClInclude>
    <ClInclude Include="UniformBufferType.h">
      <Filter>Headerdateien</Filter>
    </ClInclude>
    <ClInclude Include="typedefs.h">
      <Filter>Headerdateien</Filter>
    </ClInclude>
    <ClInclude Include="UnlitShader.h">
      <Filter>Headerdateien</Filter>
    </ClInclude>
    <ClInclude Include="BlinnPhongShader.h">
      <Filter>Headerdateien</Filter>
    </ClInclude>
    <ClInclude Include="KeyCode.h">
      <Filter>Headerdateien</Filter>
    </ClInclude>
    <ClInclude Include="PyramidModel.h">
      <Filter>Headerdateien</Filter>
    </ClInclude>
    <ClInclude Include="Float3Math.h">
      <Filter>Headerdateien</Filter>
    </ClInclude>
    <ClInclude Include="Skybox.h">
      <Filter>Headerdateien</Filter>
    </ClInclude>
    <ClInclude Include="PlaneModel.h">
      <Filter>Headerdateien</Filter>
    </ClInclude>
    <ClInclude Include="MateShader.h">
      <Filter>Headerdateien</Filter>
    </ClInclude>
    <ClInclude Include="RoughShader.h">
      <Filter>Headerdateien</Filter>
    </ClInclude>
  </ItemGroup>
  <ItemGroup>
    <Text Include="shader-error-log.txt" />
  </ItemGroup>
  <ItemGroup>
    <None Include="BlinnPhong.ps">
      <Filter>Shaders</Filter>
    </None>
    <None Include="BlinnPhong.vs">
      <Filter>Shaders</Filter>
    </None>
    <None Include="Unlit.ps">
      <Filter>Shaders</Filter>
    </None>
    <None Include="Unlit.vs">
      <Filter>Shaders</Filter>
    </None>
    <None Include="Mate.ps">
      <Filter>Shaders</Filter>
    </None>
    <None Include="Mate.vs">
      <Filter>Shaders</Filter>
    </None>
    <None Include="Rough.ps">
      <Filter>Shaders</Filter>
    </None>
    <None Include="Rough.vs">
      <Filter>Shaders</Filter>
    </None>
  </ItemGroup>
  <ItemGroup>
    <Image Include="data\stone01.tga">
      <Filter>Data</Filter>
    </Image>
    <Image Include="data\Circle.tga">
      <Filter>Data</Filter>
    </Image>
    <Image Include="data\skybox.tga">
      <Filter>Data</Filter>
    </Image>
  </ItemGroup>
</Project>